
Microsoft Visual Studio Solution File, Format Version 12.00
# Visual Studio Version 16
VisualStudioVersion = 16.0.30503.244
MinimumVisualStudioVersion = 10.0.40219.1
Project("{FAE04EC0-301F-11D3-BF4B-00C04F79EFBC}") = "MangaSeeDownloader", "MangaSeeDownloader\MangaSeeDownloader.csproj", "{D9EFEA41-6AF3-438E-8DBF-DCEC338452AE}"
EndProject
Global
	GlobalSection(SolutionConfigurationPlatforms) = preSolution
		Debug|Any CPU = Debug|Any CPU
		Release|Any CPU = Release|Any CPU
	EndGlobalSection
	GlobalSection(ProjectConfigurationPlatforms) = postSolution
		{D9EFEA41-6AF3-438E-8DBF-DCEC338452AE}.Debug|Any CPU.ActiveCfg = Debug|Any CPU
		{D9EFEA41-6AF3-438E-8DBF-DCEC338452AE}.Debug|Any CPU.Build.0 = Debug|Any CPU
		{D9EFEA41-6AF3-438E-8DBF-DCEC338452AE}.Release|Any CPU.ActiveCfg = Release|Any CPU
		{D9EFEA41-6AF3-438E-8DBF-DCEC338452AE}.Release|Any CPU.Build.0 = Release|Any CPU
	EndGlobalSection
	GlobalSection(SolutionProperties) = preSolution
		HideSolutionNode = FALSE
	EndGlobalSection
	GlobalSection(ExtensibilityGlobals) = postSolution
		SolutionGuid = {60765F51-1F24-49E5-913D-1E4EE9F1B152}
	EndGlobalSection
EndGlobal
